// !$*UTF8*$!
{
	archiveVersion = 1;
	classes = {
	};
	objectVersion = 46;
	objects = {

/* Begin PBXBuildFile section */
		BDE43033F3523E7CAF366F63 /* libPods-FirstDesignPattern.a in Frameworks */ = {isa = PBXBuildFile; fileRef = B4C4DBAB8292FB14B4D8350C /* libPods-FirstDesignPattern.a */; };
		C14A043E1DE7F410003D91D4 /* main.m in Sources */ = {isa = PBXBuildFile; fileRef = C14A043D1DE7F410003D91D4 /* main.m */; };
		C14A04411DE7F410003D91D4 /* AppDelegate.m in Sources */ = {isa = PBXBuildFile; fileRef = C14A04401DE7F410003D91D4 /* AppDelegate.m */; };
		C14A04441DE7F410003D91D4 /* ViewController.m in Sources */ = {isa = PBXBuildFile; fileRef = C14A04431DE7F410003D91D4 /* ViewController.m */; };
		C14A04471DE7F410003D91D4 /* Main.storyboard in Resources */ = {isa = PBXBuildFile; fileRef = C14A04451DE7F410003D91D4 /* Main.storyboard */; };
		C14A04491DE7F410003D91D4 /* Assets.xcassets in Resources */ = {isa = PBXBuildFile; fileRef = C14A04481DE7F410003D91D4 /* Assets.xcassets */; };
		C14A044C1DE7F410003D91D4 /* LaunchScreen.storyboard in Resources */ = {isa = PBXBuildFile; fileRef = C14A044A1DE7F410003D91D4 /* LaunchScreen.storyboard */; };
		C14A04551DE7F42F003D91D4 /* Duck.m in Sources */ = {isa = PBXBuildFile; fileRef = C14A04541DE7F42F003D91D4 /* Duck.m */; };
		C14A04581DE7F4CC003D91D4 /* MallardDuck.m in Sources */ = {isa = PBXBuildFile; fileRef = C14A04571DE7F4CC003D91D4 /* MallardDuck.m */; };
		C14A045B1DE7F50B003D91D4 /* FlyBehavior.m in Sources */ = {isa = PBXBuildFile; fileRef = C14A045A1DE7F50B003D91D4 /* FlyBehavior.m */; };
		C14A045E1DE7F520003D91D4 /* QuackBehavior.m in Sources */ = {isa = PBXBuildFile; fileRef = C14A045D1DE7F520003D91D4 /* QuackBehavior.m */; };
		C14A04611DE7F5D4003D91D4 /* FlyWithWings.m in Sources */ = {isa = PBXBuildFile; fileRef = C14A04601DE7F5D4003D91D4 /* FlyWithWings.m */; };
		C14A04641DE7F5E2003D91D4 /* FlyNoWay.m in Sources */ = {isa = PBXBuildFile; fileRef = C14A04631DE7F5E2003D91D4 /* FlyNoWay.m */; };
		C14A04671DE7F673003D91D4 /* Quack.m in Sources */ = {isa = PBXBuildFile; fileRef = C14A04661DE7F673003D91D4 /* Quack.m */; };
		C14A046A1DE7F68C003D91D4 /* Squeak.m in Sources */ = {isa = PBXBuildFile; fileRef = C14A04691DE7F68C003D91D4 /* Squeak.m */; };
		C14A046D1DE7F69E003D91D4 /* MuteQuack.m in Sources */ = {isa = PBXBuildFile; fileRef = C14A046C1DE7F69E003D91D4 /* MuteQuack.m */; };
		C18560F11E026B8500FF6D2E /* RubberDuck.m in Sources */ = {isa = PBXBuildFile; fileRef = C18560F01E026B8500FF6D2E /* RubberDuck.m */; };
		C18560F41E026BE700FF6D2E /* DecoyDuck.m in Sources */ = {isa = PBXBuildFile; fileRef = C18560F31E026BE700FF6D2E /* DecoyDuck.m */; };
/* End PBXBuildFile section */

/* Begin PBXFileReference section */
		24DAE433339054C5193C7DF2 /* Pods-FirstDesignPattern.release.xcconfig */ = {isa = PBXFileReference; includeInIndex = 1; lastKnownFileType = text.xcconfig; name = "Pods-FirstDesignPattern.release.xcconfig"; path = "Pods/Target Support Files/Pods-FirstDesignPattern/Pods-FirstDesignPattern.release.xcconfig"; sourceTree = "<group>"; };
		B4C4DBAB8292FB14B4D8350C /* libPods-FirstDesignPattern.a */ = {isa = PBXFileReference; explicitFileType = archive.ar; includeInIndex = 0; path = "libPods-FirstDesignPattern.a"; sourceTree = BUILT_PRODUCTS_DIR; };
		C14A04391DE7F410003D91D4 /* FirstDesignPattern.app */ = {isa = PBXFileReference; explicitFileType = wrapper.application; includeInIndex = 0; path = FirstDesignPattern.app; sourceTree = BUILT_PRODUCTS_DIR; };
		C14A043D1DE7F410003D91D4 /* main.m */ = {isa = PBXFileReference; lastKnownFileType = sourcecode.c.objc; path = main.m; sourceTree = "<group>"; };
		C14A043F1DE7F410003D91D4 /* AppDelegate.h */ = {isa = PBXFileReference; lastKnownFileType = sourcecode.c.h; path = AppDelegate.h; sourceTree = "<group>"; };
		C14A04401DE7F410003D91D4 /* AppDelegate.m */ = {isa = PBXFileReference; lastKnownFileType = sourcecode.c.objc; path = AppDelegate.m; sourceTree = "<group>"; };
		C14A04421DE7F410003D91D4 /* ViewController.h */ = {isa = PBXFileReference; lastKnownFileType = sourcecode.c.h; path = ViewController.h; sourceTree = "<group>"; };
		C14A04431DE7F410003D91D4 /* ViewController.m */ = {isa = PBXFileReference; lastKnownFileType = sourcecode.c.objc; path = ViewController.m; sourceTree = "<group>"; };
		C14A04461DE7F410003D91D4 /* Base */ = {isa = PBXFileReference; lastKnownFileType = file.storyboard; name = Base; path = Base.lproj/Main.storyboard; sourceTree = "<group>"; };
		C14A04481DE7F410003D91D4 /* Assets.xcassets */ = {isa = PBXFileReference; lastKnownFileType = folder.assetcatalog; path = Assets.xcassets; sourceTree = "<group>"; };
		C14A044B1DE7F410003D91D4 /* Base */ = {isa = PBXFileReference; lastKnownFileType = file.storyboard; name = Base; path = Base.lproj/LaunchScreen.storyboard; sourceTree = "<group>"; };
		C14A044D1DE7F410003D91D4 /* Info.plist */ = {isa = PBXFileReference; lastKnownFileType = text.plist.xml; path = Info.plist; sourceTree = "<group>"; };
		C14A04531DE7F42F003D91D4 /* Duck.h */ = {isa = PBXFileReference; fileEncoding = 4; lastKnownFileType = sourcecode.c.h; path = Duck.h; sourceTree = "<group>"; };
		C14A04541DE7F42F003D91D4 /* Duck.m */ = {isa = PBXFileReference; fileEncoding = 4; lastKnownFileType = sourcecode.c.objc; path = Duck.m; sourceTree = "<group>"; };
		C14A04561DE7F4CC003D91D4 /* MallardDuck.h */ = {isa = PBXFileReference; fileEncoding = 4; lastKnownFileType = sourcecode.c.h; path = MallardDuck.h; sourceTree = "<group>"; };
		C14A04571DE7F4CC003D91D4 /* MallardDuck.m */ = {isa = PBXFileReference; fileEncoding = 4; lastKnownFileType = sourcecode.c.objc; path = MallardDuck.m; sourceTree = "<group>"; };
		C14A04591DE7F50B003D91D4 /* FlyBehavior.h */ = {isa = PBXFileReference; fileEncoding = 4; lastKnownFileType = sourcecode.c.h; path = FlyBehavior.h; sourceTree = "<group>"; };
		C14A045A1DE7F50B003D91D4 /* FlyBehavior.m */ = {isa = PBXFileReference; fileEncoding = 4; lastKnownFileType = sourcecode.c.objc; path = FlyBehavior.m; sourceTree = "<group>"; };
		C14A045C1DE7F520003D91D4 /* QuackBehavior.h */ = {isa = PBXFileReference; fileEncoding = 4; lastKnownFileType = sourcecode.c.h; path = QuackBehavior.h; sourceTree = "<group>"; };
		C14A045D1DE7F520003D91D4 /* QuackBehavior.m */ = {isa = PBXFileReference; fileEncoding = 4; lastKnownFileType = sourcecode.c.objc; path = QuackBehavior.m; sourceTree = "<group>"; };
		C14A045F1DE7F5D4003D91D4 /* FlyWithWings.h */ = {isa = PBXFileReference; fileEncoding = 4; lastKnownFileType = sourcecode.c.h; path = FlyWithWings.h; sourceTree = "<group>"; };
		C14A04601DE7F5D4003D91D4 /* FlyWithWings.m */ = {isa = PBXFileReference; fileEncoding = 4; lastKnownFileType = sourcecode.c.objc; path = FlyWithWings.m; sourceTree = "<group>"; };
		C14A04621DE7F5E2003D91D4 /* FlyNoWay.h */ = {isa = PBXFileReference; fileEncoding = 4; lastKnownFileType = sourcecode.c.h; path = FlyNoWay.h; sourceTree = "<group>"; };
		C14A04631DE7F5E2003D91D4 /* FlyNoWay.m */ = {isa = PBXFileReference; fileEncoding = 4; lastKnownFileType = sourcecode.c.objc; path = FlyNoWay.m; sourceTree = "<group>"; };
		C14A04651DE7F673003D91D4 /* Quack.h */ = {isa = PBXFileReference; fileEncoding = 4; lastKnownFileType = sourcecode.c.h; path = Quack.h; sourceTree = "<group>"; };
		C14A04661DE7F673003D91D4 /* Quack.m */ = {isa = PBXFileReference; fileEncoding = 4; lastKnownFileType = sourcecode.c.objc; path = Quack.m; sourceTree = "<group>"; };
		C14A04681DE7F68C003D91D4 /* Squeak.h */ = {isa = PBXFileReference; fileEncoding = 4; lastKnownFileType = sourcecode.c.h; path = Squeak.h; sourceTree = "<group>"; };
		C14A04691DE7F68C003D91D4 /* Squeak.m */ = {isa = PBXFileReference; fileEncoding = 4; lastKnownFileType = sourcecode.c.objc; path = Squeak.m; sourceTree = "<group>"; };
		C14A046B1DE7F69E003D91D4 /* MuteQuack.h */ = {isa = PBXFileReference; fileEncoding = 4; lastKnownFileType = sourcecode.c.h; path = MuteQuack.h; sourceTree = "<group>"; };
		C14A046C1DE7F69E003D91D4 /* MuteQuack.m */ = {isa = PBXFileReference; fileEncoding = 4; lastKnownFileType = sourcecode.c.objc; path = MuteQuack.m; sourceTree = "<group>"; };
		C18560EF1E026B8500FF6D2E /* RubberDuck.h */ = {isa = PBXFileReference; fileEncoding = 4; lastKnownFileType = sourcecode.c.h; path = RubberDuck.h; sourceTree = "<group>"; };
		C18560F01E026B8500FF6D2E /* RubberDuck.m */ = {isa = PBXFileReference; fileEncoding = 4; lastKnownFileType = sourcecode.c.objc; path = RubberDuck.m; sourceTree = "<group>"; };
		C18560F21E026BE700FF6D2E /* DecoyDuck.h */ = {isa = PBXFileReference; fileEncoding = 4; lastKnownFileType = sourcecode.c.h; path = DecoyDuck.h; sourceTree = "<group>"; };
		C18560F31E026BE700FF6D2E /* DecoyDuck.m */ = {isa = PBXFileReference; fileEncoding = 4; lastKnownFileType = sourcecode.c.objc; path = DecoyDuck.m; sourceTree = "<group>"; };
		DF8E949FF9712A84B58553F2 /* Pods-FirstDesignPattern.debug.xcconfig */ = {isa = PBXFileReference; includeInIndex = 1; lastKnownFileType = text.xcconfig; name = "Pods-FirstDesignPattern.debug.xcconfig"; path = "Pods/Target Support Files/Pods-FirstDesignPattern/Pods-FirstDesignPattern.debug.xcconfig"; sourceTree = "<group>"; };
/* End PBXFileReference section */

/* Begin PBXFrameworksBuildPhase section */
		C14A04361DE7F410003D91D4 /* Frameworks */ = {
			isa = PBXFrameworksBuildPhase;
			buildActionMask = 2147483647;
			files = (
				BDE43033F3523E7CAF366F63 /* libPods-FirstDesignPattern.a in Frameworks */,
			);
			runOnlyForDeploymentPostprocessing = 0;
		};
/* End PBXFrameworksBuildPhase section */

/* Begin PBXGroup section */
		48CC2EE00624620FECAD294A /* Pods */ = {
			isa = PBXGroup;
			children = (
				DF8E949FF9712A84B58553F2 /* Pods-FirstDesignPattern.debug.xcconfig */,
				24DAE433339054C5193C7DF2 /* Pods-FirstDesignPattern.release.xcconfig */,
			);
			name = Pods;
			sourceTree = "<group>";
		};
		C14A04301DE7F410003D91D4 = {
			isa = PBXGroup;
			children = (
				C14A043B1DE7F410003D91D4 /* FirstDesignPattern */,
				C14A043A1DE7F410003D91D4 /* Products */,
				48CC2EE00624620FECAD294A /* Pods */,
				E846158484C9AEF50CD9508C /* Frameworks */,
			);
			sourceTree = "<group>";
		};
		C14A043A1DE7F410003D91D4 /* Products */ = {
			isa = PBXGroup;
			children = (
				C14A04391DE7F410003D91D4 /* FirstDesignPattern.app */,
			);
			name = Products;
			sourceTree = "<group>";
		};
		C14A043B1DE7F410003D91D4 /* FirstDesignPattern */ = {
			isa = PBXGroup;
			children = (
				C14A043F1DE7F410003D91D4 /* AppDelegate.h */,
				C14A04401DE7F410003D91D4 /* AppDelegate.m */,
				C14A04421DE7F410003D91D4 /* ViewController.h */,
				C14A04431DE7F410003D91D4 /* ViewController.m */,
				C14A04531DE7F42F003D91D4 /* Duck.h */,
				C14A04541DE7F42F003D91D4 /* Duck.m */,
				C14A04561DE7F4CC003D91D4 /* MallardDuck.h */,
				C14A04571DE7F4CC003D91D4 /* MallardDuck.m */,
				C18560EF1E026B8500FF6D2E /* RubberDuck.h */,
				C18560F01E026B8500FF6D2E /* RubberDuck.m */,
				C18560F21E026BE700FF6D2E /* DecoyDuck.h */,
				C18560F31E026BE700FF6D2E /* DecoyDuck.m */,
				C14A04591DE7F50B003D91D4 /* FlyBehavior.h */,
				C14A045A1DE7F50B003D91D4 /* FlyBehavior.m */,
				C14A045F1DE7F5D4003D91D4 /* FlyWithWings.h */,
				C14A04601DE7F5D4003D91D4 /* FlyWithWings.m */,
				C14A04621DE7F5E2003D91D4 /* FlyNoWay.h */,
				C14A04631DE7F5E2003D91D4 /* FlyNoWay.m */,
				C14A045C1DE7F520003D91D4 /* QuackBehavior.h */,
				C14A045D1DE7F520003D91D4 /* QuackBehavior.m */,
				C14A04651DE7F673003D91D4 /* Quack.h */,
				C14A04661DE7F673003D91D4 /* Quack.m */,
				C14A04681DE7F68C003D91D4 /* Squeak.h */,
				C14A04691DE7F68C003D91D4 /* Squeak.m */,
				C14A046B1DE7F69E003D91D4 /* MuteQuack.h */,
				C14A046C1DE7F69E003D91D4 /* MuteQuack.m */,
				C14A04451DE7F410003D91D4 /* Main.storyboard */,
				C14A04481DE7F410003D91D4 /* Assets.xcassets */,
				C14A044A1DE7F410003D91D4 /* LaunchScreen.storyboard */,
				C14A044D1DE7F410003D91D4 /* Info.plist */,
				C14A043C1DE7F410003D91D4 /* Supporting Files */,
			);
			path = FirstDesignPattern;
			sourceTree = "<group>";
		};
		C14A043C1DE7F410003D91D4 /* Supporting Files */ = {
			isa = PBXGroup;
			children = (
				C14A043D1DE7F410003D91D4 /* main.m */,
			);
			name = "Supporting Files";
			sourceTree = "<group>";
		};
		E846158484C9AEF50CD9508C /* Frameworks */ = {
			isa = PBXGroup;
			children = (
				B4C4DBAB8292FB14B4D8350C /* libPods-FirstDesignPattern.a */,
			);
			name = Frameworks;
			sourceTree = "<group>";
		};
/* End PBXGroup section */

/* Begin PBXNativeTarget section */
		C14A04381DE7F410003D91D4 /* FirstDesignPattern */ = {
			isa = PBXNativeTarget;
			buildConfigurationList = C14A04501DE7F410003D91D4 /* Build configuration list for PBXNativeTarget "FirstDesignPattern" */;
			buildPhases = (
				1CBCBB12565325E28B3E16E4 /* [CP] Check Pods Manifest.lock */,
				C14A04351DE7F410003D91D4 /* Sources */,
				C14A04361DE7F410003D91D4 /* Frameworks */,
				C14A04371DE7F410003D91D4 /* Resources */,
				3958004720FB0CEFC01D02A7 /* [CP] Embed Pods Frameworks */,
				4D3AF693B262D8EDB23CE74F /* [CP] Copy Pods Resources */,
			);
			buildRules = (
			);
			dependencies = (
			);
			name = FirstDesignPattern;
			productName = FirstDesignPattern;
			productReference = C14A04391DE7F410003D91D4 /* FirstDesignPattern.app */;
			productType = "com.apple.product-type.application";
		};
/* End PBXNativeTarget section */

/* Begin PBXProject section */
		C14A04311DE7F410003D91D4 /* Project object */ = {
			isa = PBXProject;
			attributes = {
				LastUpgradeCheck = 0800;
				ORGANIZATIONNAME = Xummer;
				TargetAttributes = {
					C14A04381DE7F410003D91D4 = {
						CreatedOnToolsVersion = 8.0;
						ProvisioningStyle = Automatic;
					};
				};
			};
			buildConfigurationList = C14A04341DE7F410003D91D4 /* Build configuration list for PBXProject "FirstDesignPattern" */;
			compatibilityVersion = "Xcode 3.2";
			developmentRegion = English;
			hasScannedForEncodings = 0;
			knownRegions = (
				en,
				Base,
			);
			mainGroup = C14A04301DE7F410003D91D4;
			productRefGroup = C14A043A1DE7F410003D91D4 /* Products */;
			projectDirPath = "";
			projectRoot = "";
			targets = (
				C14A04381DE7F410003D91D4 /* FirstDesignPattern */,
			);
		};
/* End PBXProject section */

/* Begin PBXResourcesBuildPhase section */
		C14A04371DE7F410003D91D4 /* Resources */ = {
			isa = PBXResourcesBuildPhase;
			buildActionMask = 2147483647;
			files = (
				C14A044C1DE7F410003D91D4 /* LaunchScreen.storyboard in Resources */,
				C14A04491DE7F410003D91D4 /* Assets.xcassets in Resources */,
				C14A04471DE7F410003D91D4 /* Main.storyboard in Resources */,
			);
			runOnlyForDeploymentPostprocessing = 0;
		};
/* End PBXResourcesBuildPhase section */

/* Begin PBXShellScriptBuildPhase section */
		1CBCBB12565325E28B3E16E4 /* [CP] Check Pods Manifest.lock */ = {
			isa = PBXShellScriptBuildPhase;
			buildActionMask = 2147483647;
			files = (
			);
			inputPaths = (
			);
			name = "[CP] Check Pods Manifest.lock";
			outputPaths = (
			);
			runOnlyForDeploymentPostprocessing = 0;
			shellPath = /bin/sh;
			shellScript = "diff \"${PODS_ROOT}/../Podfile.lock\" \"${PODS_ROOT}/Manifest.lock\" > /dev/null\nif [[ $? != 0 ]] ; then\n    cat << EOM\nerror: The sandbox is not in sync with the Podfile.lock. Run 'pod install' or update your CocoaPods installation.\nEOM\n    exit 1\nfi\n";
			showEnvVarsInLog = 0;
		};
		3958004720FB0CEFC01D02A7 /* [CP] Embed Pods Frameworks */ = {
			isa = PBXShellScriptBuildPhase;
			buildActionMask = 2147483647;
			files = (
			);
			inputPaths = (
			);
			name = "[CP] Embed Pods Frameworks";
			outputPaths = (
			);
			runOnlyForDeploymentPostprocessing = 0;
			shellPath = /bin/sh;
			shellScript = "\"${SRCROOT}/Pods/Target Support Files/Pods-FirstDesignPattern/Pods-FirstDesignPattern-frameworks.sh\"\n";
			showEnvVarsInLog = 0;
		};
		4D3AF693B262D8EDB23CE74F /* [CP] Copy Pods Resources */ = {
			isa = PBXShellScriptBuildPhase;
			buildActionMask = 2147483647;
			files = (
			);
			inputPaths = (
			);
			name = "[CP] Copy Pods Resources";
			outputPaths = (
			);
			runOnlyForDeploymentPostprocessing = 0;
			shellPath = /bin/sh;
			shellScript = "\"${SRCROOT}/Pods/Target Support Files/Pods-FirstDesignPattern/Pods-FirstDesignPattern-resources.sh\"\n";
			showEnvVarsInLog = 0;
		};
/* End PBXShellScriptBuildPhase section */

/* Begin PBXSourcesBuildPhase section */
		C14A04351DE7F410003D91D4 /* Sources */ = {
			isa = PBXSourcesBuildPhase;
			buildActionMask = 2147483647;
			files = (
				C14A046A1DE7F68C003D91D4 /* Squeak.m in Sources */,
				C14A04611DE7F5D4003D91D4 /* FlyWithWings.m in Sources */,
				C14A04551DE7F42F003D91D4 /* Duck.m in Sources */,
				C14A04581DE7F4CC003D91D4 /* MallardDuck.m in Sources */,
				C14A04441DE7F410003D91D4 /* ViewController.m in Sources */,
				C18560F41E026BE700FF6D2E /* DecoyDuck.m in Sources */,
				C14A04411DE7F410003D91D4 /* AppDelegate.m in Sources */,
				C14A046D1DE7F69E003D91D4 /* MuteQuack.m in Sources */,
				C14A043E1DE7F410003D91D4 /* main.m in Sources */,
				C14A04641DE7F5E2003D91D4 /* FlyNoWay.m in Sources */,
				C14A045E1DE7F520003D91D4 /* QuackBehavior.m in Sources */,
				C18560F11E026B8500FF6D2E /* RubberDuck.m in Sources */,
				C14A045B1DE7F50B003D91D4 /* FlyBehavior.m in Sources */,
				C14A04671DE7F673003D91D4 /* Quack.m in Sources */,
			);
			runOnlyForDeploymentPostprocessing = 0;
		};
/* End PBXSourcesBuildPhase section */

/* Begin PBXVariantGroup section */
		C14A04451DE7F410003D91D4 /* Main.storyboard */ = {
			isa = PBXVariantGroup;
			children = (
				C14A04461DE7F410003D91D4 /* Base */,
			);
			name = Main.storyboard;
			sourceTree = "<group>";
		};
		C14A044A1DE7F410003D91D4 /* LaunchScreen.storyboard */ = {
			isa = PBXVariantGroup;
			children = (
				C14A044B1DE7F410003D91D4 /* Base */,
			);
			name = LaunchScreen.storyboard;
			sourceTree = "<group>";
		};
/* End PBXVariantGroup section */

/* Begin XCBuildConfiguration section */
		C14A044E1DE7F410003D91D4 /* Debug */ = {
			isa = XCBuildConfiguration;
			buildSettings = {
				ALWAYS_SEARCH_USER_PATHS = NO;
				CLANG_ANALYZER_NONNULL = YES;
				CLANG_CXX_LANGUAGE_STANDARD = "gnu++0x";
				CLANG_CXX_LIBRARY = "libc++";
				CLANG_ENABLE_MODULES = YES;
				CLANG_ENABLE_OBJC_ARC = YES;
				CLANG_WARN_BOOL_CONVERSION = YES;
				CLANG_WARN_CONSTANT_CONVERSION = YES;
				CLANG_WARN_DIRECT_OBJC_ISA_USAGE = YES_ERROR;
				CLANG_WARN_DOCUMENTATION_COMMENTS = YES;
				CLANG_WARN_EMPTY_BODY = YES;
				CLANG_WARN_ENUM_CONVERSION = YES;
				CLANG_WARN_INFINITE_RECURSION = YES;
				CLANG_WARN_INT_CONVERSION = YES;
				CLANG_WARN_OBJC_ROOT_CLASS = YES_ERROR;
				CLANG_WARN_SUSPICIOUS_MOVES = YES;
				CLANG_WARN_UNREACHABLE_CODE = YES;
				CLANG_WARN__DUPLICATE_METHOD_MATCH = YES;
				"CODE_SIGN_IDENTITY[sdk=iphoneos*]" = "iPhone Developer";
				COPY_PHASE_STRIP = NO;
				DEBUG_INFORMATION_FORMAT = dwarf;
				ENABLE_STRICT_OBJC_MSGSEND = YES;
				ENABLE_TESTABILITY = YES;
				GCC_C_LANGUAGE_STANDARD = gnu99;
				GCC_DYNAMIC_NO_PIC = NO;
				GCC_NO_COMMON_BLOCKS = YES;
				GCC_OPTIMIZATION_LEVEL = 0;
				GCC_PREPROCESSOR_DEFINITIONS = (
					"DEBUG=1",
					"$(inherited)",
				);
				GCC_WARN_64_TO_32_BIT_CONVERSION = YES;
				GCC_WARN_ABOUT_RETURN_TYPE = YES_ERROR;
				GCC_WARN_UNDECLARED_SELECTOR = YES;
				GCC_WARN_UNINITIALIZED_AUTOS = YES_AGGRESSIVE;
				GCC_WARN_UNUSED_FUNCTION = YES;
				GCC_WARN_UNUSED_VARIABLE = YES;
				IPHONEOS_DEPLOYMENT_TARGET = 10.0;
				MTL_ENABLE_DEBUG_INFO = YES;
				ONLY_ACTIVE_ARCH = YES;
				SDKROOT = iphoneos;
				TARGETED_DEVICE_FAMILY = "1,2";
			};
			name = Debug;
		};
		C14A044F1DE7F410003D91D4 /* Release */ = {
			isa = XCBuildConfiguration;
			buildSettings = {
				ALWAYS_SEARCH_USER_PATHS = NO;
				CLANG_ANALYZER_NONNULL = YES;
				CLANG_CXX_LANGUAGE_STANDARD = "gnu++0x";
				CLANG_CXX_LIBRARY = "libc++";
				CLANG_ENABLE_MODULES = YES;
				CLANG_ENABLE_OBJC_ARC = YES;
				CLANG_WARN_BOOL_CONVERSION = YES;
				CLANG_WARN_CONSTANT_CONVERSION = YES;
				CLANG_WARN_DIRECT_OBJC_ISA_USAGE = YES_ERROR;
				CLANG_WARN_DOCUMENTATION_COMMENTS = YES;
				CLANG_WARN_EMPTY_BODY = YES;
				CLANG_WARN_ENUM_CONVERSION = YES;
				CLANG_WARN_INFINITE_RECURSION = YES;
				CLANG_WARN_INT_CONVERSION = YES;
				CLANG_WARN_OBJC_ROOT_CLASS = YES_ERROR;
				CLANG_WARN_SUSPICIOUS_MOVES = YES;
				CLANG_WARN_UNREACHABLE_CODE = YES;
				CLANG_WARN__DUPLICATE_METHOD_MATCH = YES;
				"CODE_SIGN_IDENTITY[sdk=iphoneos*]" = "iPhone Developer";
				COPY_PHASE_STRIP = NO;
				DEBUG_INFORMATION_FORMAT = "dwarf-with-dsym";
				ENABLE_NS_ASSERTIONS = NO;
				ENABLE_STRICT_OBJC_MSGSEND = YES;
				GCC_C_LANGUAGE_STANDARD = gnu99;
				GCC_NO_COMMON_BLOCKS = YES;
				GCC_WARN_64_TO_32_BIT_CONVERSION = YES;
				GCC_WARN_ABOUT_RETURN_TYPE = YES_ERROR;
				GCC_WARN_UNDECLARED_SELECTOR = YES;
				GCC_WARN_UNINITIALIZED_AUTOS = YES_AGGRESSIVE;
				GCC_WARN_UNUSED_FUNCTION = YES;
				GCC_WARN_UNUSED_VARIABLE = YES;
				IPHONEOS_DEPLOYMENT_TARGET = 10.0;
				MTL_ENABLE_DEBUG_INFO = NO;
				SDKROOT = iphoneos;
				TARGETED_DEVICE_FAMILY = "1,2";
				VALIDATE_PRODUCT = YES;
			};
			name = Release;
		};
		C14A04511DE7F410003D91D4 /* Debug */ = {
			isa = XCBuildConfiguration;
			baseConfigurationReference = DF8E949FF9712A84B58553F2 /* Pods-FirstDesignPattern.debug.xcconfig */;
			buildSettings = {
				ASSETCATALOG_COMPILER_APPICON_NAME = AppIcon;
				INFOPLIST_FILE = FirstDesignPattern/Info.plist;
				LD_RUNPATH_SEARCH_PATHS = "$(inherited) @executable_path/Frameworks";
				PRODUCT_BUNDLE_IDENTIFIER = Xummer.FirstDesignPattern;
				PRODUCT_NAME = "$(TARGET_NAME)";
			};
			name = Debug;
		};
		C14A04521DE7F410003D91D4 /* Release */ = {
			isa = XCBuildConfiguration;
			baseConfigurationReference = 24DAE433339054C5193C7DF2 /* Pods-FirstDesignPattern.release.xcconfig */;
			buildSettings = {
				ASSETCATALOG_COMPILER_APPICON_NAME = AppIcon;
				INFOPLIST_FILE = FirstDesignPattern/Info.plist;
				LD_RUNPATH_SEARCH_PATHS = "$(inherited) @executable_path/Frameworks";
				PRODUCT_BUNDLE_IDENTIFIER = Xummer.FirstDesignPattern;
				PRODUCT_NAME = "$(TARGET_NAME)";
			};
			name = Release;
		};
/* End XCBuildConfiguration section */

/* Begin XCConfigurationList section */
		C14A04341DE7F410003D91D4 /* Build configuration list for PBXProject "FirstDesignPattern" */ = {
			isa = XCConfigurationList;
			buildConfigurations = (
				C14A044E1DE7F410003D91D4 /* Debug */,
				C14A044F1DE7F410003D91D4 /* Release */,
			);
			defaultConfigurationIsVisible = 0;
			defaultConfigurationName = Release;
		};
		C14A04501DE7F410003D91D4 /* Build configuration list for PBXNativeTarget "FirstDesignPattern" */ = {
			isa = XCConfigurationList;
			buildConfigurations = (
				C14A04511DE7F410003D91D4 /* Debug */,
				C14A04521DE7F410003D91D4 /* Release */,
			);
			defaultConfigurationIsVisible = 0;
			defaultConfigurationName = Release;
		};
/* End XCConfigurationList section */
	};
	rootObject = C14A04311DE7F410003D91D4 /* Project object */;
}
